
Microsoft Visual Studio Solution File, Format Version 12.00
# Visual Studio 15
VisualStudioVersion = 15.0.28010.2041
MinimumVisualStudioVersion = 10.0.40219.1
Project("{8BC9CEB8-8B4A-11D0-8D11-00A0C91BC942}") = "M06_UF1", "M06_UF1\M06_UF1.vcxproj", "{FD2DDA91-B504-4F9C-98A5-06B8E8F4F6E3}"
EndProject
Global
	GlobalSection(SolutionConfigurationPlatforms) = preSolution
		Debug|x64 = Debug|x64
		Debug|x86 = Debug|x86
		Release|x64 = Release|x64
		Release|x86 = Release|x86
	EndGlobalSection
	GlobalSection(ProjectConfigurationPlatforms) = postSolution
		{FD2DDA91-B504-4F9C-98A5-06B8E8F4F6E3}.Debug|x64.ActiveCfg = Debug|x64
		{FD2DDA91-B504-4F9C-98A5-06B8E8F4F6E3}.Debug|x64.Build.0 = Debug|x64
		{FD2DDA91-B504-4F9C-98A5-06B8E8F4F6E3}.Debug|x86.ActiveCfg = Debug|Win32
		{FD2DDA91-B504-4F9C-98A5-06B8E8F4F6E3}.Debug|x86.Build.0 = Debug|Win32
		{FD2DDA91-B504-4F9C-98A5-06B8E8F4F6E3}.Release|x64.ActiveCfg = Release|x64
		{FD2DDA91-B504-4F9C-98A5-06B8E8F4F6E3}.Release|x64.Build.0 = Release|x64
		{FD2DDA91-B504-4F9C-98A5-06B8E8F4F6E3}.Release|x86.ActiveCfg = Release|Win32
		{FD2DDA91-B504-4F9C-98A5-06B8E8F4F6E3}.Release|x86.Build.0 = Release|Win32
	EndGlobalSection
	GlobalSection(SolutionProperties) = preSolution
		HideSolutionNode = FALSE
	EndGlobalSection
	GlobalSection(ExtensibilityGlobals) = postSolution
		SolutionGuid = {122C96B5-154F-4D43-94BA-94994C3AC988}
	EndGlobalSection
EndGlobal
